// !$*UTF8*$!
{
	archiveVersion = 1;
	classes = {
	};
	objectVersion = 46;
	objects = {

/* Begin PBXBuildFile section */
		84207B321EE01F4D004BE838 /* DataValidators.swift in Sources */ = {isa = PBXBuildFile; fileRef = 84207B311EE01F4D004BE838 /* DataValidators.swift */; };
		8435F6C31EDD54DF00A26A3E /* TVCellProtocol.swift in Sources */ = {isa = PBXBuildFile; fileRef = 8435F6C21EDD54DF00A26A3E /* TVCellProtocol.swift */; };
		8435F6C81EDD672A00A26A3E /* ContactTVCellPresenter.swift in Sources */ = {isa = PBXBuildFile; fileRef = 8435F6C71EDD672A00A26A3E /* ContactTVCellPresenter.swift */; };
		8435F6CB1EDD6FEA00A26A3E /* ContactViewProtocol.swift in Sources */ = {isa = PBXBuildFile; fileRef = 8435F6CA1EDD6FEA00A26A3E /* ContactViewProtocol.swift */; };
		8435F6CF1EDD72A500A26A3E /* ContactViewPresenter.swift in Sources */ = {isa = PBXBuildFile; fileRef = 8435F6CE1EDD72A500A26A3E /* ContactViewPresenter.swift */; };
		84CD7A971ECEFBF70039CFA3 /* ContactViewVC.swift in Sources */ = {isa = PBXBuildFile; fileRef = 84CD7A961ECEFBF70039CFA3 /* ContactViewVC.swift */; };
		A01ACC771ECCAE7400AB61BB /* AppDelegate.swift in Sources */ = {isa = PBXBuildFile; fileRef = A01ACC761ECCAE7400AB61BB /* AppDelegate.swift */; };
		A01ACC7C1ECCAE7400AB61BB /* Main.storyboard in Resources */ = {isa = PBXBuildFile; fileRef = A01ACC7A1ECCAE7400AB61BB /* Main.storyboard */; };
		A01ACC7E1ECCAE7400AB61BB /* Assets.xcassets in Resources */ = {isa = PBXBuildFile; fileRef = A01ACC7D1ECCAE7400AB61BB /* Assets.xcassets */; };
		A01ACC811ECCAE7400AB61BB /* LaunchScreen.storyboard in Resources */ = {isa = PBXBuildFile; fileRef = A01ACC7F1ECCAE7400AB61BB /* LaunchScreen.storyboard */; };
		A01ACC8B1ECCAEB800AB61BB /* ContactClass.swift in Sources */ = {isa = PBXBuildFile; fileRef = A01ACC891ECCAEB800AB61BB /* ContactClass.swift */; };
		A01ACC8C1ECCAEB800AB61BB /* ContactsListClass.swift in Sources */ = {isa = PBXBuildFile; fileRef = A01ACC8A1ECCAEB800AB61BB /* ContactsListClass.swift */; };
		A01ACC901ECCAF5200AB61BB /* ContactsListTVC.swift in Sources */ = {isa = PBXBuildFile; fileRef = A01ACC8F1ECCAF5200AB61BB /* ContactsListTVC.swift */; };
		A01ACC931ECCB0DE00AB61BB /* Protocols.swift in Sources */ = {isa = PBXBuildFile; fileRef = A01ACC921ECCB0DE00AB61BB /* Protocols.swift */; };
		A02DB40B1EDF2CD900A96299 /* ContactListTVCProtocol.swift in Sources */ = {isa = PBXBuildFile; fileRef = A02DB40A1EDF2CD900A96299 /* ContactListTVCProtocol.swift */; };
		A02DB40D1EDF2D0500A96299 /* ContactListTVCPresenter.swift in Sources */ = {isa = PBXBuildFile; fileRef = A02DB40C1EDF2D0500A96299 /* ContactListTVCPresenter.swift */; };
		A031DAB61EDDA105006170C4 /* ContactAddEditProtocol.swift in Sources */ = {isa = PBXBuildFile; fileRef = A031DAB51EDDA105006170C4 /* ContactAddEditProtocol.swift */; };
		A031DAB81EDDA375006170C4 /* ContactAddEditPresenter.swift in Sources */ = {isa = PBXBuildFile; fileRef = A031DAB71EDDA375006170C4 /* ContactAddEditPresenter.swift */; };
		A0A903D81ED323690037E2F1 /* AdditionalDataStruct.swift in Sources */ = {isa = PBXBuildFile; fileRef = A0A903D71ED323690037E2F1 /* AdditionalDataStruct.swift */; };
		A0F049471ECDD43A00E5CF40 /* ContactAddEditVC.swift in Sources */ = {isa = PBXBuildFile; fileRef = A0F049461ECDD43A00E5CF40 /* ContactAddEditVC.swift */; };
		A0F049491ECDDD7500E5CF40 /* ContactsTVCell.swift in Sources */ = {isa = PBXBuildFile; fileRef = A0F049481ECDDD7500E5CF40 /* ContactsTVCell.swift */; };
		A0F0494C1ECDDEC200E5CF40 /* CommonExtensions.swift in Sources */ = {isa = PBXBuildFile; fileRef = A0F0494B1ECDDEC200E5CF40 /* CommonExtensions.swift */; };
		A0F0494E1ECDE49400E5CF40 /* MagicValues.swift in Sources */ = {isa = PBXBuildFile; fileRef = A0F0494D1ECDE49400E5CF40 /* MagicValues.swift */; };
		A0F049501ECDE8C200E5CF40 /* SaveLoadCheckData.swift in Sources */ = {isa = PBXBuildFile; fileRef = A0F0494F1ECDE8C200E5CF40 /* SaveLoadCheckData.swift */; };
		A0F049531ECDEDAE00E5CF40 /* Notifications.swift in Sources */ = {isa = PBXBuildFile; fileRef = A0F049521ECDEDAE00E5CF40 /* Notifications.swift */; };
/* End PBXBuildFile section */

/* Begin PBXFileReference section */
		84207B311EE01F4D004BE838 /* DataValidators.swift */ = {isa = PBXFileReference; fileEncoding = 4; lastKnownFileType = sourcecode.swift; path = DataValidators.swift; sourceTree = "<group>"; };
		8435F6C21EDD54DF00A26A3E /* TVCellProtocol.swift */ = {isa = PBXFileReference; fileEncoding = 4; lastKnownFileType = sourcecode.swift; path = TVCellProtocol.swift; sourceTree = "<group>"; };
		8435F6C71EDD672A00A26A3E /* ContactTVCellPresenter.swift */ = {isa = PBXFileReference; fileEncoding = 4; lastKnownFileType = sourcecode.swift; path = ContactTVCellPresenter.swift; sourceTree = "<group>"; };
		8435F6CA1EDD6FEA00A26A3E /* ContactViewProtocol.swift */ = {isa = PBXFileReference; fileEncoding = 4; lastKnownFileType = sourcecode.swift; path = ContactViewProtocol.swift; sourceTree = "<group>"; };
		8435F6CE1EDD72A500A26A3E /* ContactViewPresenter.swift */ = {isa = PBXFileReference; fileEncoding = 4; lastKnownFileType = sourcecode.swift; path = ContactViewPresenter.swift; sourceTree = "<group>"; };
		84CD7A961ECEFBF70039CFA3 /* ContactViewVC.swift */ = {isa = PBXFileReference; fileEncoding = 4; lastKnownFileType = sourcecode.swift; path = ContactViewVC.swift; sourceTree = "<group>"; };
		A01ACC731ECCAE7400AB61BB /* ContactsListVer2.app */ = {isa = PBXFileReference; explicitFileType = wrapper.application; includeInIndex = 0; path = ContactsListVer2.app; sourceTree = BUILT_PRODUCTS_DIR; };
		A01ACC761ECCAE7400AB61BB /* AppDelegate.swift */ = {isa = PBXFileReference; lastKnownFileType = sourcecode.swift; path = AppDelegate.swift; sourceTree = "<group>"; };
		A01ACC7B1ECCAE7400AB61BB /* Base */ = {isa = PBXFileReference; lastKnownFileType = file.storyboard; name = Base; path = Base.lproj/Main.storyboard; sourceTree = "<group>"; };
		A01ACC7D1ECCAE7400AB61BB /* Assets.xcassets */ = {isa = PBXFileReference; lastKnownFileType = folder.assetcatalog; path = Assets.xcassets; sourceTree = "<group>"; };
		A01ACC801ECCAE7400AB61BB /* Base */ = {isa = PBXFileReference; lastKnownFileType = file.storyboard; name = Base; path = Base.lproj/LaunchScreen.storyboard; sourceTree = "<group>"; };
		A01ACC821ECCAE7400AB61BB /* Info.plist */ = {isa = PBXFileReference; lastKnownFileType = text.plist.xml; path = Info.plist; sourceTree = "<group>"; };
		A01ACC891ECCAEB800AB61BB /* ContactClass.swift */ = {isa = PBXFileReference; fileEncoding = 4; lastKnownFileType = sourcecode.swift; path = ContactClass.swift; sourceTree = "<group>"; };
		A01ACC8A1ECCAEB800AB61BB /* ContactsListClass.swift */ = {isa = PBXFileReference; fileEncoding = 4; lastKnownFileType = sourcecode.swift; path = ContactsListClass.swift; sourceTree = "<group>"; };
		A01ACC8F1ECCAF5200AB61BB /* ContactsListTVC.swift */ = {isa = PBXFileReference; fileEncoding = 4; lastKnownFileType = sourcecode.swift; path = ContactsListTVC.swift; sourceTree = "<group>"; };
		A01ACC921ECCB0DE00AB61BB /* Protocols.swift */ = {isa = PBXFileReference; fileEncoding = 4; lastKnownFileType = sourcecode.swift; path = Protocols.swift; sourceTree = "<group>"; };
		A02DB40A1EDF2CD900A96299 /* ContactListTVCProtocol.swift */ = {isa = PBXFileReference; fileEncoding = 4; lastKnownFileType = sourcecode.swift; path = ContactListTVCProtocol.swift; sourceTree = "<group>"; };
		A02DB40C1EDF2D0500A96299 /* ContactListTVCPresenter.swift */ = {isa = PBXFileReference; fileEncoding = 4; lastKnownFileType = sourcecode.swift; path = ContactListTVCPresenter.swift; sourceTree = "<group>"; };
		A031DAB51EDDA105006170C4 /* ContactAddEditProtocol.swift */ = {isa = PBXFileReference; fileEncoding = 4; lastKnownFileType = sourcecode.swift; path = ContactAddEditProtocol.swift; sourceTree = "<group>"; };
		A031DAB71EDDA375006170C4 /* ContactAddEditPresenter.swift */ = {isa = PBXFileReference; fileEncoding = 4; lastKnownFileType = sourcecode.swift; path = ContactAddEditPresenter.swift; sourceTree = "<group>"; };
		A0A903D71ED323690037E2F1 /* AdditionalDataStruct.swift */ = {isa = PBXFileReference; fileEncoding = 4; lastKnownFileType = sourcecode.swift; path = AdditionalDataStruct.swift; sourceTree = "<group>"; };
		A0F049461ECDD43A00E5CF40 /* ContactAddEditVC.swift */ = {isa = PBXFileReference; fileEncoding = 4; lastKnownFileType = sourcecode.swift; path = ContactAddEditVC.swift; sourceTree = "<group>"; };
		A0F049481ECDDD7500E5CF40 /* ContactsTVCell.swift */ = {isa = PBXFileReference; fileEncoding = 4; lastKnownFileType = sourcecode.swift; path = ContactsTVCell.swift; sourceTree = "<group>"; };
		A0F0494B1ECDDEC200E5CF40 /* CommonExtensions.swift */ = {isa = PBXFileReference; fileEncoding = 4; lastKnownFileType = sourcecode.swift; path = CommonExtensions.swift; sourceTree = "<group>"; };
		A0F0494D1ECDE49400E5CF40 /* MagicValues.swift */ = {isa = PBXFileReference; fileEncoding = 4; lastKnownFileType = sourcecode.swift; path = MagicValues.swift; sourceTree = "<group>"; };
		A0F0494F1ECDE8C200E5CF40 /* SaveLoadCheckData.swift */ = {isa = PBXFileReference; fileEncoding = 4; lastKnownFileType = sourcecode.swift; path = SaveLoadCheckData.swift; sourceTree = "<group>"; };
		A0F049521ECDEDAE00E5CF40 /* Notifications.swift */ = {isa = PBXFileReference; fileEncoding = 4; lastKnownFileType = sourcecode.swift; path = Notifications.swift; sourceTree = "<group>"; };
/* End PBXFileReference section */

/* Begin PBXFrameworksBuildPhase section */
		A01ACC701ECCAE7400AB61BB /* Frameworks */ = {
			isa = PBXFrameworksBuildPhase;
			buildActionMask = 2147483647;
			files = (
			);
			runOnlyForDeploymentPostprocessing = 0;
		};
/* End PBXFrameworksBuildPhase section */

/* Begin PBXGroup section */
		8435F6BF1EDD544F00A26A3E /* Protocols */ = {
			isa = PBXGroup;
			children = (
				8435F6C21EDD54DF00A26A3E /* TVCellProtocol.swift */,
				8435F6CA1EDD6FEA00A26A3E /* ContactViewProtocol.swift */,
				A01ACC921ECCB0DE00AB61BB /* Protocols.swift */,
				A031DAB51EDDA105006170C4 /* ContactAddEditProtocol.swift */,
				A02DB40A1EDF2CD900A96299 /* ContactListTVCProtocol.swift */,
			);
			name = Protocols;
			sourceTree = "<group>";
		};
		8435F6C01EDD548700A26A3E /* MVP Views */ = {
			isa = PBXGroup;
			children = (
				A0F049481ECDDD7500E5CF40 /* ContactsTVCell.swift */,
				84CD7A961ECEFBF70039CFA3 /* ContactViewVC.swift */,
				A0F049461ECDD43A00E5CF40 /* ContactAddEditVC.swift */,
				A01ACC8F1ECCAF5200AB61BB /* ContactsListTVC.swift */,
			);
			name = "MVP Views";
			sourceTree = "<group>";
		};
		8435F6C11EDD549C00A26A3E /* Presenters */ = {
			isa = PBXGroup;
			children = (
				8435F6C71EDD672A00A26A3E /* ContactTVCellPresenter.swift */,
				8435F6CE1EDD72A500A26A3E /* ContactViewPresenter.swift */,
				A031DAB71EDDA375006170C4 /* ContactAddEditPresenter.swift */,
				A02DB40C1EDF2D0500A96299 /* ContactListTVCPresenter.swift */,
			);
			name = Presenters;
			sourceTree = "<group>";
		};
		A01ACC6A1ECCAE7400AB61BB = {
			isa = PBXGroup;
			children = (
				A01ACC751ECCAE7400AB61BB /* ContactsListVer2 */,
				A01ACC741ECCAE7400AB61BB /* Products */,
			);
			sourceTree = "<group>";
		};
		A01ACC741ECCAE7400AB61BB /* Products */ = {
			isa = PBXGroup;
			children = (
				A01ACC731ECCAE7400AB61BB /* ContactsListVer2.app */,
			);
			name = Products;
			sourceTree = "<group>";
		};
		A01ACC751ECCAE7400AB61BB /* ContactsListVer2 */ = {
			isa = PBXGroup;
			children = (
				8435F6C11EDD549C00A26A3E /* Presenters */,
				8435F6BF1EDD544F00A26A3E /* Protocols */,
				A01ACC941ECCB99400AB61BB /* Helpers */,
				A01ACC881ECCAE9E00AB61BB /* Supporting Files */,
				A01ACC8E1ECCAED800AB61BB /* ViewControllers */,
				A01ACC7A1ECCAE7400AB61BB /* Main.storyboard */,
				A01ACC8D1ECCAECA00AB61BB /* Models */,
			);
			path = ContactsListVer2;
			sourceTree = "<group>";
		};
		A01ACC881ECCAE9E00AB61BB /* Supporting Files */ = {
			isa = PBXGroup;
			children = (
				A01ACC761ECCAE7400AB61BB /* AppDelegate.swift */,
				A01ACC7D1ECCAE7400AB61BB /* Assets.xcassets */,
				A01ACC7F1ECCAE7400AB61BB /* LaunchScreen.storyboard */,
				A01ACC821ECCAE7400AB61BB /* Info.plist */,
			);
			name = "Supporting Files";
			sourceTree = "<group>";
		};
		A01ACC8D1ECCAECA00AB61BB /* Models */ = {
			isa = PBXGroup;
			children = (
				A01ACC891ECCAEB800AB61BB /* ContactClass.swift */,
				A01ACC8A1ECCAEB800AB61BB /* ContactsListClass.swift */,
			);
			name = Models;
			sourceTree = "<group>";
		};
		A01ACC8E1ECCAED800AB61BB /* ViewControllers */ = {
			isa = PBXGroup;
			children = (
				8435F6C01EDD548700A26A3E /* MVP Views */,
			);
			name = ViewControllers;
			sourceTree = "<group>";
		};
		A01ACC941ECCB99400AB61BB /* Helpers */ = {
			isa = PBXGroup;
			children = (
				A0F0494B1ECDDEC200E5CF40 /* CommonExtensions.swift */,
				A0F0494D1ECDE49400E5CF40 /* MagicValues.swift */,
				A0F0494F1ECDE8C200E5CF40 /* SaveLoadCheckData.swift */,
				A0F049521ECDEDAE00E5CF40 /* Notifications.swift */,
				A0A903D71ED323690037E2F1 /* AdditionalDataStruct.swift */,
				84207B311EE01F4D004BE838 /* DataValidators.swift */,
			);
			name = Helpers;
			sourceTree = "<group>";
		};
/* End PBXGroup section */

/* Begin PBXNativeTarget section */
		A01ACC721ECCAE7400AB61BB /* ContactsListVer2 */ = {
			isa = PBXNativeTarget;
			buildConfigurationList = A01ACC851ECCAE7400AB61BB /* Build configuration list for PBXNativeTarget "ContactsListVer2" */;
			buildPhases = (
				A01ACC6F1ECCAE7400AB61BB /* Sources */,
				A01ACC701ECCAE7400AB61BB /* Frameworks */,
				A01ACC711ECCAE7400AB61BB /* Resources */,
			);
			buildRules = (
			);
			dependencies = (
			);
			name = ContactsListVer2;
			productName = ContactsListVer2;
			productReference = A01ACC731ECCAE7400AB61BB /* ContactsListVer2.app */;
			productType = "com.apple.product-type.application";
		};
/* End PBXNativeTarget section */

/* Begin PBXProject section */
		A01ACC6B1ECCAE7400AB61BB /* Project object */ = {
			isa = PBXProject;
			attributes = {
				LastSwiftUpdateCheck = 0830;
				LastUpgradeCheck = 0830;
				ORGANIZATIONNAME = "Maksym Korostelov";
				TargetAttributes = {
					A01ACC721ECCAE7400AB61BB = {
						CreatedOnToolsVersion = 8.3.2;
						ProvisioningStyle = Automatic;
					};
				};
			};
			buildConfigurationList = A01ACC6E1ECCAE7400AB61BB /* Build configuration list for PBXProject "ContactsListVer2" */;
			compatibilityVersion = "Xcode 3.2";
			developmentRegion = English;
			hasScannedForEncodings = 0;
			knownRegions = (
				en,
				Base,
			);
			mainGroup = A01ACC6A1ECCAE7400AB61BB;
			productRefGroup = A01ACC741ECCAE7400AB61BB /* Products */;
			projectDirPath = "";
			projectRoot = "";
			targets = (
				A01ACC721ECCAE7400AB61BB /* ContactsListVer2 */,
			);
		};
/* End PBXProject section */

/* Begin PBXResourcesBuildPhase section */
		A01ACC711ECCAE7400AB61BB /* Resources */ = {
			isa = PBXResourcesBuildPhase;
			buildActionMask = 2147483647;
			files = (
				A01ACC811ECCAE7400AB61BB /* LaunchScreen.storyboard in Resources */,
				A01ACC7E1ECCAE7400AB61BB /* Assets.xcassets in Resources */,
				A01ACC7C1ECCAE7400AB61BB /* Main.storyboard in Resources */,
			);
			runOnlyForDeploymentPostprocessing = 0;
		};
/* End PBXResourcesBuildPhase section */

/* Begin PBXSourcesBuildPhase section */
		A01ACC6F1ECCAE7400AB61BB /* Sources */ = {
			isa = PBXSourcesBuildPhase;
			buildActionMask = 2147483647;
			files = (
				A0F049491ECDDD7500E5CF40 /* ContactsTVCell.swift in Sources */,
				A01ACC931ECCB0DE00AB61BB /* Protocols.swift in Sources */,
				A0F049531ECDEDAE00E5CF40 /* Notifications.swift in Sources */,
				A0F049471ECDD43A00E5CF40 /* ContactAddEditVC.swift in Sources */,
				84207B321EE01F4D004BE838 /* DataValidators.swift in Sources */,
				8435F6CF1EDD72A500A26A3E /* ContactViewPresenter.swift in Sources */,
				A0F0494C1ECDDEC200E5CF40 /* CommonExtensions.swift in Sources */,
				A02DB40D1EDF2D0500A96299 /* ContactListTVCPresenter.swift in Sources */,
				8435F6C81EDD672A00A26A3E /* ContactTVCellPresenter.swift in Sources */,
				A0A903D81ED323690037E2F1 /* AdditionalDataStruct.swift in Sources */,
				A01ACC8B1ECCAEB800AB61BB /* ContactClass.swift in Sources */,
				84CD7A971ECEFBF70039CFA3 /* ContactViewVC.swift in Sources */,
				A0F049501ECDE8C200E5CF40 /* SaveLoadCheckData.swift in Sources */,
				A01ACC771ECCAE7400AB61BB /* AppDelegate.swift in Sources */,
				A01ACC8C1ECCAEB800AB61BB /* ContactsListClass.swift in Sources */,
				A0F0494E1ECDE49400E5CF40 /* MagicValues.swift in Sources */,
				A031DAB81EDDA375006170C4 /* ContactAddEditPresenter.swift in Sources */,
				A01ACC901ECCAF5200AB61BB /* ContactsListTVC.swift in Sources */,
				8435F6C31EDD54DF00A26A3E /* TVCellProtocol.swift in Sources */,
				A031DAB61EDDA105006170C4 /* ContactAddEditProtocol.swift in Sources */,
				A02DB40B1EDF2CD900A96299 /* ContactListTVCProtocol.swift in Sources */,
				8435F6CB1EDD6FEA00A26A3E /* ContactViewProtocol.swift in Sources */,
			);
			runOnlyForDeploymentPostprocessing = 0;
		};
/* End PBXSourcesBuildPhase section */

/* Begin PBXVariantGroup section */
		A01ACC7A1ECCAE7400AB61BB /* Main.storyboard */ = {
			isa = PBXVariantGroup;
			children = (
				A01ACC7B1ECCAE7400AB61BB /* Base */,
			);
			name = Main.storyboard;
			sourceTree = "<group>";
		};
		A01ACC7F1ECCAE7400AB61BB /* LaunchScreen.storyboard */ = {
			isa = PBXVariantGroup;
			children = (
				A01ACC801ECCAE7400AB61BB /* Base */,
			);
			name = LaunchScreen.storyboard;
			sourceTree = "<group>";
		};
/* End PBXVariantGroup section */

/* Begin XCBuildConfiguration section */
		A01ACC831ECCAE7400AB61BB /* Debug */ = {
			isa = XCBuildConfiguration;
			buildSettings = {
				ALWAYS_SEARCH_USER_PATHS = NO;
				CLANG_ANALYZER_NONNULL = YES;
				CLANG_ANALYZER_NUMBER_OBJECT_CONVERSION = YES_AGGRESSIVE;
				CLANG_CXX_LANGUAGE_STANDARD = "gnu++0x";
				CLANG_CXX_LIBRARY = "libc++";
				CLANG_ENABLE_MODULES = YES;
				CLANG_ENABLE_OBJC_ARC = YES;
				CLANG_WARN_BOOL_CONVERSION = YES;
				CLANG_WARN_CONSTANT_CONVERSION = YES;
				CLANG_WARN_DIRECT_OBJC_ISA_USAGE = YES_ERROR;
				CLANG_WARN_DOCUMENTATION_COMMENTS = YES;
				CLANG_WARN_EMPTY_BODY = YES;
				CLANG_WARN_ENUM_CONVERSION = YES;
				CLANG_WARN_INFINITE_RECURSION = YES;
				CLANG_WARN_INT_CONVERSION = YES;
				CLANG_WARN_OBJC_ROOT_CLASS = YES_ERROR;
				CLANG_WARN_SUSPICIOUS_MOVE = YES;
				CLANG_WARN_UNREACHABLE_CODE = YES;
				CLANG_WARN__DUPLICATE_METHOD_MATCH = YES;
				"CODE_SIGN_IDENTITY[sdk=iphoneos*]" = "iPhone Developer";
				COPY_PHASE_STRIP = NO;
				DEBUG_INFORMATION_FORMAT = dwarf;
				ENABLE_STRICT_OBJC_MSGSEND = YES;
				ENABLE_TESTABILITY = YES;
				GCC_C_LANGUAGE_STANDARD = gnu99;
				GCC_DYNAMIC_NO_PIC = NO;
				GCC_NO_COMMON_BLOCKS = YES;
				GCC_OPTIMIZATION_LEVEL = 0;
				GCC_PREPROCESSOR_DEFINITIONS = (
					"DEBUG=1",
					"$(inherited)",
				);
				GCC_WARN_64_TO_32_BIT_CONVERSION = YES;
				GCC_WARN_ABOUT_RETURN_TYPE = YES_ERROR;
				GCC_WARN_UNDECLARED_SELECTOR = YES;
				GCC_WARN_UNINITIALIZED_AUTOS = YES_AGGRESSIVE;
				GCC_WARN_UNUSED_FUNCTION = YES;
				GCC_WARN_UNUSED_VARIABLE = YES;
				IPHONEOS_DEPLOYMENT_TARGET = 10.3;
				MTL_ENABLE_DEBUG_INFO = YES;
				ONLY_ACTIVE_ARCH = YES;
				SDKROOT = iphoneos;
				SWIFT_ACTIVE_COMPILATION_CONDITIONS = DEBUG;
				SWIFT_OPTIMIZATION_LEVEL = "-Onone";
				TARGETED_DEVICE_FAMILY = "1,2";
			};
			name = Debug;
		};
		A01ACC841ECCAE7400AB61BB /* Release */ = {
			isa = XCBuildConfiguration;
			buildSettings = {
				ALWAYS_SEARCH_USER_PATHS = NO;
				CLANG_ANALYZER_NONNULL = YES;
				CLANG_ANALYZER_NUMBER_OBJECT_CONVERSION = YES_AGGRESSIVE;
				CLANG_CXX_LANGUAGE_STANDARD = "gnu++0x";
				CLANG_CXX_LIBRARY = "libc++";
				CLANG_ENABLE_MODULES = YES;
				CLANG_ENABLE_OBJC_ARC = YES;
				CLANG_WARN_BOOL_CONVERSION = YES;
				CLANG_WARN_CONSTANT_CONVERSION = YES;
				CLANG_WARN_DIRECT_OBJC_ISA_USAGE = YES_ERROR;
				CLANG_WARN_DOCUMENTATION_COMMENTS = YES;
				CLANG_WARN_EMPTY_BODY = YES;
				CLANG_WARN_ENUM_CONVERSION = YES;
				CLANG_WARN_INFINITE_RECURSION = YES;
				CLANG_WARN_INT_CONVERSION = YES;
				CLANG_WARN_OBJC_ROOT_CLASS = YES_ERROR;
				CLANG_WARN_SUSPICIOUS_MOVE = YES;
				CLANG_WARN_UNREACHABLE_CODE = YES;
				CLANG_WARN__DUPLICATE_METHOD_MATCH = YES;
				"CODE_SIGN_IDENTITY[sdk=iphoneos*]" = "iPhone Developer";
				COPY_PHASE_STRIP = NO;
				DEBUG_INFORMATION_FORMAT = "dwarf-with-dsym";
				ENABLE_NS_ASSERTIONS = NO;
				ENABLE_STRICT_OBJC_MSGSEND = YES;
				GCC_C_LANGUAGE_STANDARD = gnu99;
				GCC_NO_COMMON_BLOCKS = YES;
				GCC_WARN_64_TO_32_BIT_CONVERSION = YES;
				GCC_WARN_ABOUT_RETURN_TYPE = YES_ERROR;
				GCC_WARN_UNDECLARED_SELECTOR = YES;
				GCC_WARN_UNINITIALIZED_AUTOS = YES_AGGRESSIVE;
				GCC_WARN_UNUSED_FUNCTION = YES;
				GCC_WARN_UNUSED_VARIABLE = YES;
				IPHONEOS_DEPLOYMENT_TARGET = 10.3;
				MTL_ENABLE_DEBUG_INFO = NO;
				SDKROOT = iphoneos;
				SWIFT_OPTIMIZATION_LEVEL = "-Owholemodule";
				TARGETED_DEVICE_FAMILY = "1,2";
				VALIDATE_PRODUCT = YES;
			};
			name = Release;
		};
		A01ACC861ECCAE7400AB61BB /* Debug */ = {
			isa = XCBuildConfiguration;
			buildSettings = {
				ASSETCATALOG_COMPILER_APPICON_NAME = AppIcon;
				INFOPLIST_FILE = ContactsListVer2/Info.plist;
				LD_RUNPATH_SEARCH_PATHS = "$(inherited) @executable_path/Frameworks";
				PRODUCT_BUNDLE_IDENTIFIER = icrs.ContactsListVer2;
				PRODUCT_NAME = "$(TARGET_NAME)";
				SWIFT_VERSION = 3.0;
			};
			name = Debug;
		};
		A01ACC871ECCAE7400AB61BB /* Release */ = {
			isa = XCBuildConfiguration;
			buildSettings = {
				ASSETCATALOG_COMPILER_APPICON_NAME = AppIcon;
				INFOPLIST_FILE = ContactsListVer2/Info.plist;
				LD_RUNPATH_SEARCH_PATHS = "$(inherited) @executable_path/Frameworks";
				PRODUCT_BUNDLE_IDENTIFIER = icrs.ContactsListVer2;
				PRODUCT_NAME = "$(TARGET_NAME)";
				SWIFT_VERSION = 3.0;
			};
			name = Release;
		};
/* End XCBuildConfiguration section */

/* Begin XCConfigurationList section */
		A01ACC6E1ECCAE7400AB61BB /* Build configuration list for PBXProject "ContactsListVer2" */ = {
			isa = XCConfigurationList;
			buildConfigurations = (
				A01ACC831ECCAE7400AB61BB /* Debug */,
				A01ACC841ECCAE7400AB61BB /* Release */,
			);
			defaultConfigurationIsVisible = 0;
			defaultConfigurationName = Release;
		};
		A01ACC851ECCAE7400AB61BB /* Build configuration list for PBXNativeTarget "ContactsListVer2" */ = {
			isa = XCConfigurationList;
			buildConfigurations = (
				A01ACC861ECCAE7400AB61BB /* Debug */,
				A01ACC871ECCAE7400AB61BB /* Release */,
			);
			defaultConfigurationIsVisible = 0;
			defaultConfigurationName = Release;
		};
/* End XCConfigurationList section */
	};
	rootObject = A01ACC6B1ECCAE7400AB61BB /* Project object */;
}
